
Microsoft Visual Studio Solution File, Format Version 12.00
# Visual Studio 15
VisualStudioVersion = 15.0.27130.2027
MinimumVisualStudioVersion = 10.0.40219.1
Project("{FAE04EC0-301F-11D3-BF4B-00C04F79EFBC}") = "ByteBank.SistemaAgencia", "ByteBank.SistemaAgencia\ByteBank.SistemaAgencia.csproj", "{3C934E0B-0ED2-48A4-95F2-C639E7B58C6B}"
EndProject
Project("{FAE04EC0-301F-11D3-BF4B-00C04F79EFBC}") = "ByteBank.Modelos", "ByteBank.Modelos\ByteBank.Modelos.csproj", "{BBD5C4EE-974C-4345-B5CC-7160F7670B3C}"
EndProject
Global
	GlobalSection(SolutionConfigurationPlatforms) = preSolution
		Debug|Any CPU = Debug|Any CPU
		Release|Any CPU = Release|Any CPU
	EndGlobalSection
	GlobalSection(ProjectConfigurationPlatforms) = postSolution
		{3C934E0B-0ED2-48A4-95F2-C639E7B58C6B}.Debug|Any CPU.ActiveCfg = Debug|Any CPU
		{3C934E0B-0ED2-48A4-95F2-C639E7B58C6B}.Debug|Any CPU.Build.0 = Debug|Any CPU
		{3C934E0B-0ED2-48A4-95F2-C639E7B58C6B}.Release|Any CPU.ActiveCfg = Release|Any CPU
		{3C934E0B-0ED2-48A4-95F2-C639E7B58C6B}.Release|Any CPU.Build.0 = Release|Any CPU
		{BBD5C4EE-974C-4345-B5CC-7160F7670B3C}.Debug|Any CPU.ActiveCfg = Debug|Any CPU
		{BBD5C4EE-974C-4345-B5CC-7160F7670B3C}.Debug|Any CPU.Build.0 = Debug|Any CPU
		{BBD5C4EE-974C-4345-B5CC-7160F7670B3C}.Release|Any CPU.ActiveCfg = Release|Any CPU
		{BBD5C4EE-974C-4345-B5CC-7160F7670B3C}.Release|Any CPU.Build.0 = Release|Any CPU
	EndGlobalSection
	GlobalSection(SolutionProperties) = preSolution
		HideSolutionNode = FALSE
	EndGlobalSection
	GlobalSection(ExtensibilityGlobals) = postSolution
		SolutionGuid = {1C45512E-F3D6-4FDB-B508-BFF86AE9B109}
	EndGlobalSection
EndGlobal
