
Microsoft Visual Studio Solution File, Format Version 12.00
# Visual Studio 15
VisualStudioVersion = 15.0.28010.2026
MinimumVisualStudioVersion = 10.0.40219.1
Project("{FAE04EC0-301F-11D3-BF4B-00C04F79EFBC}") = "01-PrimeiroProjeto", "1-PrimeiroProjeto\01-PrimeiroProjeto.csproj", "{519D9E10-59EC-4165-8B1D-79DCA51E133F}"
EndProject
Project("{FAE04EC0-301F-11D3-BF4B-00C04F79EFBC}") = "02-CriandoVariaveis", "2-CriandoVariaveis\02-CriandoVariaveis.csproj", "{D385B994-8D82-4BAF-A6A5-E5EC3E474D40}"
EndProject
Project("{FAE04EC0-301F-11D3-BF4B-00C04F79EFBC}") = "03-CriandoVariaveisPontoFlutuante", "3-CriandoVariaveisPontoFlutuante\03-CriandoVariaveisPontoFlutuante.csproj", "{3C930102-AA30-4559-A3B5-0311BC9AA877}"
EndProject
Project("{FAE04EC0-301F-11D3-BF4B-00C04F79EFBC}") = "04-ConversoesEOutrosTiporNumericos", "4-ConversoesEOutrosTiporNumericos\04-ConversoesEOutrosTiporNumericos.csproj", "{023F76F6-6FB5-49EA-BF51-3D717380C0EA}"
EndProject
Project("{FAE04EC0-301F-11D3-BF4B-00C04F79EFBC}") = "05-CaracteresETextos", "5-CaracteresETextos\05-CaracteresETextos.csproj", "{14555D7F-2E6E-4876-9475-AA73C9A81B19}"
EndProject
Project("{FAE04EC0-301F-11D3-BF4B-00C04F79EFBC}") = "06-AtribuicaoDeVariaveis", "6-AtribuicaoDeVariaveis\06-AtribuicaoDeVariaveis.csproj", "{88658E0C-0F35-4268-9C1D-7B31C01CDC20}"
EndProject
Project("{FAE04EC0-301F-11D3-BF4B-00C04F79EFBC}") = "07-Condicionais", "7-Condicionais\07-Condicionais.csproj", "{3C0A6B26-5F53-4ACB-82C1-F39B575D990E}"
EndProject
Project("{FAE04EC0-301F-11D3-BF4B-00C04F79EFBC}") = "08-Condicionais2", "8-Condicionais2\08-Condicionais2.csproj", "{3D3B07AD-9AA3-477B-8A5F-1A275CB741A6}"
EndProject
Project("{FAE04EC0-301F-11D3-BF4B-00C04F79EFBC}") = "09-Escopo", "9-Escopo\09-Escopo.csproj", "{432A38E6-FC58-4304-812A-3326445FEB7D}"
EndProject
Project("{FAE04EC0-301F-11D3-BF4B-00C04F79EFBC}") = "10-CalculaPoupanca", "P10-CalculaPoupanca\10-CalculaPoupanca.csproj", "{55CA516A-3159-44B4-B3BB-13CE02811A03}"
EndProject
Project("{FAE04EC0-301F-11D3-BF4B-00C04F79EFBC}") = "11-CalculaPoupanca2", "P11-CaluculaPoupanca2\11-CalculaPoupanca2.csproj", "{6E29D738-8057-4B51-BEA6-CE0C17AA88DF}"
EndProject
Project("{FAE04EC0-301F-11D3-BF4B-00C04F79EFBC}") = "12-CalculaInvestimentoLongoPrazo", "P12-CalculaInvestimentoLongoPrazo\12-CalculaInvestimentoLongoPrazo.csproj", "{B203D6CA-9072-4F63-A0F8-5C374B111EBE}"
EndProject
Project("{2150E333-8FDC-42A3-9474-1A3956D46DE8}") = "Exercicios", "Exercicios", "{8267574B-8E1D-44A6-8414-6C33E984A6B2}"
EndProject
Project("{FAE04EC0-301F-11D3-BF4B-00C04F79EFBC}") = "0001-WhileParaFor", "0001-WhileParaFor\0001-WhileParaFor.csproj", "{427681E0-3189-4E5D-AFBA-1152FFC7AEB2}"
EndProject
Project("{FAE04EC0-301F-11D3-BF4B-00C04F79EFBC}") = "13-ForEncadeado", "13-ForEncadeado\13-ForEncadeado.csproj", "{9392D76B-42FE-4554-9583-86481CC9714B}"
EndProject
Project("{FAE04EC0-301F-11D3-BF4B-00C04F79EFBC}") = "0002-LaçoDeRepeticaoWhile", "0002-LaçoDeRepeticaoWhile\0002-LaçoDeRepeticaoWhile.csproj", "{2B4976A0-4773-4274-8650-03D71B58FBF3}"
EndProject
Project("{FAE04EC0-301F-11D3-BF4B-00C04F79EFBC}") = "0003-LacoDeRepeticaoFor", "0003-LacoDeRepeticaoFor\0003-LacoDeRepeticaoFor.csproj", "{50AA94EF-B913-4EB1-A7C7-EC6C194858AF}"
EndProject
Project("{FAE04EC0-301F-11D3-BF4B-00C04F79EFBC}") = "0004-DesafioOpcionalMultiplosDe3", "0004-DesafioOpcionalMultiplosDe3\0004-DesafioOpcionalMultiplosDe3.csproj", "{3539A6C8-2E4A-419F-A8AB-45F5CB03BAAC}"
EndProject
Project("{FAE04EC0-301F-11D3-BF4B-00C04F79EFBC}") = "0005-DesafioOpcionalFatorial", "00005-DesafioOpcionalFatorial\0005-DesafioOpcionalFatorial.csproj", "{F5C5C2EE-0095-4397-92F2-62CA7CD49C78}"
EndProject
Global
	GlobalSection(SolutionConfigurationPlatforms) = preSolution
		Debug|Any CPU = Debug|Any CPU
		Release|Any CPU = Release|Any CPU
	EndGlobalSection
	GlobalSection(ProjectConfigurationPlatforms) = postSolution
		{519D9E10-59EC-4165-8B1D-79DCA51E133F}.Debug|Any CPU.ActiveCfg = Debug|Any CPU
		{519D9E10-59EC-4165-8B1D-79DCA51E133F}.Debug|Any CPU.Build.0 = Debug|Any CPU
		{519D9E10-59EC-4165-8B1D-79DCA51E133F}.Release|Any CPU.ActiveCfg = Release|Any CPU
		{519D9E10-59EC-4165-8B1D-79DCA51E133F}.Release|Any CPU.Build.0 = Release|Any CPU
		{D385B994-8D82-4BAF-A6A5-E5EC3E474D40}.Debug|Any CPU.ActiveCfg = Debug|Any CPU
		{D385B994-8D82-4BAF-A6A5-E5EC3E474D40}.Debug|Any CPU.Build.0 = Debug|Any CPU
		{D385B994-8D82-4BAF-A6A5-E5EC3E474D40}.Release|Any CPU.ActiveCfg = Release|Any CPU
		{D385B994-8D82-4BAF-A6A5-E5EC3E474D40}.Release|Any CPU.Build.0 = Release|Any CPU
		{3C930102-AA30-4559-A3B5-0311BC9AA877}.Debug|Any CPU.ActiveCfg = Debug|Any CPU
		{3C930102-AA30-4559-A3B5-0311BC9AA877}.Debug|Any CPU.Build.0 = Debug|Any CPU
		{3C930102-AA30-4559-A3B5-0311BC9AA877}.Release|Any CPU.ActiveCfg = Release|Any CPU
		{3C930102-AA30-4559-A3B5-0311BC9AA877}.Release|Any CPU.Build.0 = Release|Any CPU
		{023F76F6-6FB5-49EA-BF51-3D717380C0EA}.Debug|Any CPU.ActiveCfg = Debug|Any CPU
		{023F76F6-6FB5-49EA-BF51-3D717380C0EA}.Debug|Any CPU.Build.0 = Debug|Any CPU
		{023F76F6-6FB5-49EA-BF51-3D717380C0EA}.Release|Any CPU.ActiveCfg = Release|Any CPU
		{023F76F6-6FB5-49EA-BF51-3D717380C0EA}.Release|Any CPU.Build.0 = Release|Any CPU
		{14555D7F-2E6E-4876-9475-AA73C9A81B19}.Debug|Any CPU.ActiveCfg = Debug|Any CPU
		{14555D7F-2E6E-4876-9475-AA73C9A81B19}.Debug|Any CPU.Build.0 = Debug|Any CPU
		{14555D7F-2E6E-4876-9475-AA73C9A81B19}.Release|Any CPU.ActiveCfg = Release|Any CPU
		{14555D7F-2E6E-4876-9475-AA73C9A81B19}.Release|Any CPU.Build.0 = Release|Any CPU
		{88658E0C-0F35-4268-9C1D-7B31C01CDC20}.Debug|Any CPU.ActiveCfg = Debug|Any CPU
		{88658E0C-0F35-4268-9C1D-7B31C01CDC20}.Debug|Any CPU.Build.0 = Debug|Any CPU
		{88658E0C-0F35-4268-9C1D-7B31C01CDC20}.Release|Any CPU.ActiveCfg = Release|Any CPU
		{88658E0C-0F35-4268-9C1D-7B31C01CDC20}.Release|Any CPU.Build.0 = Release|Any CPU
		{3C0A6B26-5F53-4ACB-82C1-F39B575D990E}.Debug|Any CPU.ActiveCfg = Debug|Any CPU
		{3C0A6B26-5F53-4ACB-82C1-F39B575D990E}.Debug|Any CPU.Build.0 = Debug|Any CPU
		{3C0A6B26-5F53-4ACB-82C1-F39B575D990E}.Release|Any CPU.ActiveCfg = Release|Any CPU
		{3C0A6B26-5F53-4ACB-82C1-F39B575D990E}.Release|Any CPU.Build.0 = Release|Any CPU
		{3D3B07AD-9AA3-477B-8A5F-1A275CB741A6}.Debug|Any CPU.ActiveCfg = Debug|Any CPU
		{3D3B07AD-9AA3-477B-8A5F-1A275CB741A6}.Debug|Any CPU.Build.0 = Debug|Any CPU
		{3D3B07AD-9AA3-477B-8A5F-1A275CB741A6}.Release|Any CPU.ActiveCfg = Release|Any CPU
		{3D3B07AD-9AA3-477B-8A5F-1A275CB741A6}.Release|Any CPU.Build.0 = Release|Any CPU
		{432A38E6-FC58-4304-812A-3326445FEB7D}.Debug|Any CPU.ActiveCfg = Debug|Any CPU
		{432A38E6-FC58-4304-812A-3326445FEB7D}.Debug|Any CPU.Build.0 = Debug|Any CPU
		{432A38E6-FC58-4304-812A-3326445FEB7D}.Release|Any CPU.ActiveCfg = Release|Any CPU
		{432A38E6-FC58-4304-812A-3326445FEB7D}.Release|Any CPU.Build.0 = Release|Any CPU
		{55CA516A-3159-44B4-B3BB-13CE02811A03}.Debug|Any CPU.ActiveCfg = Debug|Any CPU
		{55CA516A-3159-44B4-B3BB-13CE02811A03}.Debug|Any CPU.Build.0 = Debug|Any CPU
		{55CA516A-3159-44B4-B3BB-13CE02811A03}.Release|Any CPU.ActiveCfg = Release|Any CPU
		{55CA516A-3159-44B4-B3BB-13CE02811A03}.Release|Any CPU.Build.0 = Release|Any CPU
		{6E29D738-8057-4B51-BEA6-CE0C17AA88DF}.Debug|Any CPU.ActiveCfg = Debug|Any CPU
		{6E29D738-8057-4B51-BEA6-CE0C17AA88DF}.Debug|Any CPU.Build.0 = Debug|Any CPU
		{6E29D738-8057-4B51-BEA6-CE0C17AA88DF}.Release|Any CPU.ActiveCfg = Release|Any CPU
		{6E29D738-8057-4B51-BEA6-CE0C17AA88DF}.Release|Any CPU.Build.0 = Release|Any CPU
		{B203D6CA-9072-4F63-A0F8-5C374B111EBE}.Debug|Any CPU.ActiveCfg = Debug|Any CPU
		{B203D6CA-9072-4F63-A0F8-5C374B111EBE}.Debug|Any CPU.Build.0 = Debug|Any CPU
		{B203D6CA-9072-4F63-A0F8-5C374B111EBE}.Release|Any CPU.ActiveCfg = Release|Any CPU
		{B203D6CA-9072-4F63-A0F8-5C374B111EBE}.Release|Any CPU.Build.0 = Release|Any CPU
		{427681E0-3189-4E5D-AFBA-1152FFC7AEB2}.Debug|Any CPU.ActiveCfg = Debug|Any CPU
		{427681E0-3189-4E5D-AFBA-1152FFC7AEB2}.Debug|Any CPU.Build.0 = Debug|Any CPU
		{427681E0-3189-4E5D-AFBA-1152FFC7AEB2}.Release|Any CPU.ActiveCfg = Release|Any CPU
		{427681E0-3189-4E5D-AFBA-1152FFC7AEB2}.Release|Any CPU.Build.0 = Release|Any CPU
		{9392D76B-42FE-4554-9583-86481CC9714B}.Debug|Any CPU.ActiveCfg = Debug|Any CPU
		{9392D76B-42FE-4554-9583-86481CC9714B}.Debug|Any CPU.Build.0 = Debug|Any CPU
		{9392D76B-42FE-4554-9583-86481CC9714B}.Release|Any CPU.ActiveCfg = Release|Any CPU
		{9392D76B-42FE-4554-9583-86481CC9714B}.Release|Any CPU.Build.0 = Release|Any CPU
		{2B4976A0-4773-4274-8650-03D71B58FBF3}.Debug|Any CPU.ActiveCfg = Debug|Any CPU
		{2B4976A0-4773-4274-8650-03D71B58FBF3}.Debug|Any CPU.Build.0 = Debug|Any CPU
		{2B4976A0-4773-4274-8650-03D71B58FBF3}.Release|Any CPU.ActiveCfg = Release|Any CPU
		{2B4976A0-4773-4274-8650-03D71B58FBF3}.Release|Any CPU.Build.0 = Release|Any CPU
		{50AA94EF-B913-4EB1-A7C7-EC6C194858AF}.Debug|Any CPU.ActiveCfg = Debug|Any CPU
		{50AA94EF-B913-4EB1-A7C7-EC6C194858AF}.Debug|Any CPU.Build.0 = Debug|Any CPU
		{50AA94EF-B913-4EB1-A7C7-EC6C194858AF}.Release|Any CPU.ActiveCfg = Release|Any CPU
		{50AA94EF-B913-4EB1-A7C7-EC6C194858AF}.Release|Any CPU.Build.0 = Release|Any CPU
		{3539A6C8-2E4A-419F-A8AB-45F5CB03BAAC}.Debug|Any CPU.ActiveCfg = Debug|Any CPU
		{3539A6C8-2E4A-419F-A8AB-45F5CB03BAAC}.Debug|Any CPU.Build.0 = Debug|Any CPU
		{3539A6C8-2E4A-419F-A8AB-45F5CB03BAAC}.Release|Any CPU.ActiveCfg = Release|Any CPU
		{3539A6C8-2E4A-419F-A8AB-45F5CB03BAAC}.Release|Any CPU.Build.0 = Release|Any CPU
		{F5C5C2EE-0095-4397-92F2-62CA7CD49C78}.Debug|Any CPU.ActiveCfg = Debug|Any CPU
		{F5C5C2EE-0095-4397-92F2-62CA7CD49C78}.Debug|Any CPU.Build.0 = Debug|Any CPU
		{F5C5C2EE-0095-4397-92F2-62CA7CD49C78}.Release|Any CPU.ActiveCfg = Release|Any CPU
		{F5C5C2EE-0095-4397-92F2-62CA7CD49C78}.Release|Any CPU.Build.0 = Release|Any CPU
	EndGlobalSection
	GlobalSection(SolutionProperties) = preSolution
		HideSolutionNode = FALSE
	EndGlobalSection
	GlobalSection(NestedProjects) = preSolution
		{427681E0-3189-4E5D-AFBA-1152FFC7AEB2} = {8267574B-8E1D-44A6-8414-6C33E984A6B2}
		{2B4976A0-4773-4274-8650-03D71B58FBF3} = {8267574B-8E1D-44A6-8414-6C33E984A6B2}
		{50AA94EF-B913-4EB1-A7C7-EC6C194858AF} = {8267574B-8E1D-44A6-8414-6C33E984A6B2}
		{3539A6C8-2E4A-419F-A8AB-45F5CB03BAAC} = {8267574B-8E1D-44A6-8414-6C33E984A6B2}
		{F5C5C2EE-0095-4397-92F2-62CA7CD49C78} = {8267574B-8E1D-44A6-8414-6C33E984A6B2}
	EndGlobalSection
	GlobalSection(ExtensibilityGlobals) = postSolution
		SolutionGuid = {1C1C532A-71F0-4AD9-97C8-1A109F43375E}
	EndGlobalSection
EndGlobal
